
Microsoft Visual Studio Solution File, Format Version 12.00
# Visual Studio Version 17
VisualStudioVersion = 17.3.32922.545
MinimumVisualStudioVersion = 10.0.40219.1
Project("{9A19103F-16F7-4668-BE54-9A1E7A4F7556}") = "Firma.PortalWWW", "Firma.PortalWWW\Firma.PortalWWW.csproj", "{824CB470-36C3-4191-A65E-30324300949F}"
EndProject
Project("{9A19103F-16F7-4668-BE54-9A1E7A4F7556}") = "Firma.Intranet", "Firma.Intranet\Firma.Intranet.csproj", "{B05CB128-0FB1-4E03-ABAF-66125F8BBE0E}"
EndProject
Project("{FAE04EC0-301F-11D3-BF4B-00C04F79EFBC}") = "Firma.Data", "Firma.Data\Firma.Data.csproj", "{8D18EDCD-010F-469A-A26F-EC2948EBD09F}"
EndProject
Global
	GlobalSection(SolutionConfigurationPlatforms) = preSolution
		Debug|Any CPU = Debug|Any CPU
		Release|Any CPU = Release|Any CPU
	EndGlobalSection
	GlobalSection(ProjectConfigurationPlatforms) = postSolution
		{824CB470-36C3-4191-A65E-30324300949F}.Debug|Any CPU.ActiveCfg = Debug|Any CPU
		{824CB470-36C3-4191-A65E-30324300949F}.Debug|Any CPU.Build.0 = Debug|Any CPU
		{824CB470-36C3-4191-A65E-30324300949F}.Release|Any CPU.ActiveCfg = Release|Any CPU
		{824CB470-36C3-4191-A65E-30324300949F}.Release|Any CPU.Build.0 = Release|Any CPU
		{B05CB128-0FB1-4E03-ABAF-66125F8BBE0E}.Debug|Any CPU.ActiveCfg = Debug|Any CPU
		{B05CB128-0FB1-4E03-ABAF-66125F8BBE0E}.Debug|Any CPU.Build.0 = Debug|Any CPU
		{B05CB128-0FB1-4E03-ABAF-66125F8BBE0E}.Release|Any CPU.ActiveCfg = Release|Any CPU
		{B05CB128-0FB1-4E03-ABAF-66125F8BBE0E}.Release|Any CPU.Build.0 = Release|Any CPU
		{8D18EDCD-010F-469A-A26F-EC2948EBD09F}.Debug|Any CPU.ActiveCfg = Debug|Any CPU
		{8D18EDCD-010F-469A-A26F-EC2948EBD09F}.Debug|Any CPU.Build.0 = Debug|Any CPU
		{8D18EDCD-010F-469A-A26F-EC2948EBD09F}.Release|Any CPU.ActiveCfg = Release|Any CPU
		{8D18EDCD-010F-469A-A26F-EC2948EBD09F}.Release|Any CPU.Build.0 = Release|Any CPU
	EndGlobalSection
	GlobalSection(SolutionProperties) = preSolution
		HideSolutionNode = FALSE
	EndGlobalSection
	GlobalSection(ExtensibilityGlobals) = postSolution
		SolutionGuid = {0D0B5E52-98C0-47FF-9D0C-BB375BC3BA9F}
	EndGlobalSection
EndGlobal
